
Microsoft Visual Studio Solution File, Format Version 12.00
# Visual Studio Version 17
VisualStudioVersion = 17.8.34330.188
MinimumVisualStudioVersion = 10.0.40219.1
Project("{888888A0-9F3D-457C-B088-3A5042F75D52}") = "PythonRecipeCreator_1.01", "PythonRecipeCreator_1.01\PythonRecipeCreator_1.01.pyproj", "{47948D36-7EFC-48E0-BADA-D42095DC5E7B}"
EndProject
Global
	GlobalSection(SolutionConfigurationPlatforms) = preSolution
		Debug|Any CPU = Debug|Any CPU
		Release|Any CPU = Release|Any CPU
	EndGlobalSection
	GlobalSection(ProjectConfigurationPlatforms) = postSolution
		{47948D36-7EFC-48E0-BADA-D42095DC5E7B}.Debug|Any CPU.ActiveCfg = Debug|Any CPU
		{47948D36-7EFC-48E0-BADA-D42095DC5E7B}.Release|Any CPU.ActiveCfg = Release|Any CPU
	EndGlobalSection
	GlobalSection(SolutionProperties) = preSolution
		HideSolutionNode = FALSE
	EndGlobalSection
	GlobalSection(ExtensibilityGlobals) = postSolution
		SolutionGuid = {EFBD79E1-036E-49AD-9627-F586ACD5D997}
	EndGlobalSection
EndGlobal
